// !$*UTF8*$!
{
	archiveVersion = 1;
	classes = {
	};
	objectVersion = 51;
	objects = {

/* Begin PBXBuildFile section */
		25111A9023920B7E00C392ED /* ScannerViewController.swift in Sources */ = {isa = PBXBuildFile; fileRef = 25111A8F23920B7E00C392ED /* ScannerViewController.swift */; };
		25111A962394769600C392ED /* MoreViewController.swift in Sources */ = {isa = PBXBuildFile; fileRef = 25111A952394769600C392ED /* MoreViewController.swift */; };
		25111A9823948F1000C392ED /* CollectionViewCell.swift in Sources */ = {isa = PBXBuildFile; fileRef = 25111A9723948F1000C392ED /* CollectionViewCell.swift */; };
		25111A9A2395AA1B00C392ED /* MenuViewController.swift in Sources */ = {isa = PBXBuildFile; fileRef = 25111A992395AA1B00C392ED /* MenuViewController.swift */; };
		25111A9C2395DB0B00C392ED /* MenuViewCell.swift in Sources */ = {isa = PBXBuildFile; fileRef = 25111A9B2395DB0B00C392ED /* MenuViewCell.swift */; };
		25111AA42396EA2700C392ED /* GlobalVars.swift in Sources */ = {isa = PBXBuildFile; fileRef = 25111AA32396EA2700C392ED /* GlobalVars.swift */; };
		25111AA62396F5A800C392ED /* CartViewController.swift in Sources */ = {isa = PBXBuildFile; fileRef = 25111AA52396F5A800C392ED /* CartViewController.swift */; };
		25111AA8239707CD00C392ED /* CartViewCell.swift in Sources */ = {isa = PBXBuildFile; fileRef = 25111AA7239707CD00C392ED /* CartViewCell.swift */; };
		25111AAA23977BA300C392ED /* PopUpViewController.swift in Sources */ = {isa = PBXBuildFile; fileRef = 25111AA923977BA300C392ED /* PopUpViewController.swift */; };
		25111AAC23984B4F00C392ED /* OrderViewCell.swift in Sources */ = {isa = PBXBuildFile; fileRef = 25111AAB23984B4F00C392ED /* OrderViewCell.swift */; };
		258372B323873156002AEB63 /* AppDelegate.swift in Sources */ = {isa = PBXBuildFile; fileRef = 258372B223873156002AEB63 /* AppDelegate.swift */; };
		258372B523873156002AEB63 /* SceneDelegate.swift in Sources */ = {isa = PBXBuildFile; fileRef = 258372B423873156002AEB63 /* SceneDelegate.swift */; };
		258372B723873156002AEB63 /* ViewController.swift in Sources */ = {isa = PBXBuildFile; fileRef = 258372B623873156002AEB63 /* ViewController.swift */; };
		258372BA23873156002AEB63 /* Main.storyboard in Resources */ = {isa = PBXBuildFile; fileRef = 258372B823873156002AEB63 /* Main.storyboard */; };
		258372BC23873159002AEB63 /* Assets.xcassets in Resources */ = {isa = PBXBuildFile; fileRef = 258372BB23873159002AEB63 /* Assets.xcassets */; };
		258372BF23873159002AEB63 /* LaunchScreen.storyboard in Resources */ = {isa = PBXBuildFile; fileRef = 258372BD23873159002AEB63 /* LaunchScreen.storyboard */; };
		258372C723873196002AEB63 /* LoginController.swift in Sources */ = {isa = PBXBuildFile; fileRef = 258372C623873196002AEB63 /* LoginController.swift */; };
		258372CA2388C469002AEB63 /* GoogleService-Info.plist in Resources */ = {isa = PBXBuildFile; fileRef = 258372C92388C469002AEB63 /* GoogleService-Info.plist */; };
		258372CC2390E0DD002AEB63 /* HomeViewController.swift in Sources */ = {isa = PBXBuildFile; fileRef = 258372CB2390E0DC002AEB63 /* HomeViewController.swift */; };
		258372CF23918F4F002AEB63 /* SF-Pro-Display-Regular.otf in Resources */ = {isa = PBXBuildFile; fileRef = 258372CE23918F33002AEB63 /* SF-Pro-Display-Regular.otf */; };
		258372D123918FC9002AEB63 /* SF-Pro-Display-Bold.otf in Resources */ = {isa = PBXBuildFile; fileRef = 258372D023918FC7002AEB63 /* SF-Pro-Display-Bold.otf */; };
		258372D32391CC07002AEB63 /* OrderViewController.swift in Sources */ = {isa = PBXBuildFile; fileRef = 258372D22391CC06002AEB63 /* OrderViewController.swift */; };
		25BD7251239F2A0D005149FA /* ItemViewController.swift in Sources */ = {isa = PBXBuildFile; fileRef = 25BD7250239F2A0D005149FA /* ItemViewController.swift */; };
		BB0DAD3FEAFB6E0B8847BC61 /* Pods_Quick_Dine.framework in Frameworks */ = {isa = PBXBuildFile; fileRef = 38254615DB28E5EA58E18716 /* Pods_Quick_Dine.framework */; };
/* End PBXBuildFile section */

/* Begin PBXFileReference section */
		25111A8F23920B7E00C392ED /* ScannerViewController.swift */ = {isa = PBXFileReference; lastKnownFileType = sourcecode.swift; path = ScannerViewController.swift; sourceTree = "<group>"; };
		25111A952394769600C392ED /* MoreViewController.swift */ = {isa = PBXFileReference; lastKnownFileType = sourcecode.swift; path = MoreViewController.swift; sourceTree = "<group>"; };
		25111A9723948F1000C392ED /* CollectionViewCell.swift */ = {isa = PBXFileReference; lastKnownFileType = sourcecode.swift; path = CollectionViewCell.swift; sourceTree = "<group>"; };
		25111A992395AA1B00C392ED /* MenuViewController.swift */ = {isa = PBXFileReference; lastKnownFileType = sourcecode.swift; path = MenuViewController.swift; sourceTree = "<group>"; };
		25111A9B2395DB0B00C392ED /* MenuViewCell.swift */ = {isa = PBXFileReference; lastKnownFileType = sourcecode.swift; path = MenuViewCell.swift; sourceTree = "<group>"; };
		25111AA32396EA2700C392ED /* GlobalVars.swift */ = {isa = PBXFileReference; lastKnownFileType = sourcecode.swift; path = GlobalVars.swift; sourceTree = "<group>"; };
		25111AA52396F5A800C392ED /* CartViewController.swift */ = {isa = PBXFileReference; lastKnownFileType = sourcecode.swift; path = CartViewController.swift; sourceTree = "<group>"; };
		25111AA7239707CD00C392ED /* CartViewCell.swift */ = {isa = PBXFileReference; lastKnownFileType = sourcecode.swift; path = CartViewCell.swift; sourceTree = "<group>"; };
		25111AA923977BA300C392ED /* PopUpViewController.swift */ = {isa = PBXFileReference; lastKnownFileType = sourcecode.swift; path = PopUpViewController.swift; sourceTree = "<group>"; };
		25111AAB23984B4F00C392ED /* OrderViewCell.swift */ = {isa = PBXFileReference; lastKnownFileType = sourcecode.swift; path = OrderViewCell.swift; sourceTree = "<group>"; };
		258372AF23873156002AEB63 /* Quick Dine.app */ = {isa = PBXFileReference; explicitFileType = wrapper.application; includeInIndex = 0; path = "Quick Dine.app"; sourceTree = BUILT_PRODUCTS_DIR; };
		258372B223873156002AEB63 /* AppDelegate.swift */ = {isa = PBXFileReference; lastKnownFileType = sourcecode.swift; path = AppDelegate.swift; sourceTree = "<group>"; };
		258372B423873156002AEB63 /* SceneDelegate.swift */ = {isa = PBXFileReference; lastKnownFileType = sourcecode.swift; path = SceneDelegate.swift; sourceTree = "<group>"; };
		258372B623873156002AEB63 /* ViewController.swift */ = {isa = PBXFileReference; lastKnownFileType = sourcecode.swift; path = ViewController.swift; sourceTree = "<group>"; };
		258372B923873156002AEB63 /* Base */ = {isa = PBXFileReference; lastKnownFileType = file.storyboard; name = Base; path = Base.lproj/Main.storyboard; sourceTree = "<group>"; };
		258372BB23873159002AEB63 /* Assets.xcassets */ = {isa = PBXFileReference; lastKnownFileType = folder.assetcatalog; path = Assets.xcassets; sourceTree = "<group>"; };
		258372BE23873159002AEB63 /* Base */ = {isa = PBXFileReference; lastKnownFileType = file.storyboard; name = Base; path = Base.lproj/LaunchScreen.storyboard; sourceTree = "<group>"; };
		258372C023873159002AEB63 /* Info.plist */ = {isa = PBXFileReference; lastKnownFileType = text.plist.xml; path = Info.plist; sourceTree = "<group>"; };
		258372C623873196002AEB63 /* LoginController.swift */ = {isa = PBXFileReference; lastKnownFileType = sourcecode.swift; path = LoginController.swift; sourceTree = "<group>"; };
		258372C823873257002AEB63 /* Quick Dine.entitlements */ = {isa = PBXFileReference; lastKnownFileType = text.plist.entitlements; path = "Quick Dine.entitlements"; sourceTree = "<group>"; };
		258372C92388C469002AEB63 /* GoogleService-Info.plist */ = {isa = PBXFileReference; fileEncoding = 4; lastKnownFileType = text.plist.xml; path = "GoogleService-Info.plist"; sourceTree = "<group>"; };
		258372CB2390E0DC002AEB63 /* HomeViewController.swift */ = {isa = PBXFileReference; lastKnownFileType = sourcecode.swift; path = HomeViewController.swift; sourceTree = "<group>"; };
		258372CE23918F33002AEB63 /* SF-Pro-Display-Regular.otf */ = {isa = PBXFileReference; lastKnownFileType = file; path = "SF-Pro-Display-Regular.otf"; sourceTree = "<group>"; };
		258372D023918FC7002AEB63 /* SF-Pro-Display-Bold.otf */ = {isa = PBXFileReference; lastKnownFileType = file; path = "SF-Pro-Display-Bold.otf"; sourceTree = "<group>"; };
		258372D22391CC06002AEB63 /* OrderViewController.swift */ = {isa = PBXFileReference; lastKnownFileType = sourcecode.swift; path = OrderViewController.swift; sourceTree = "<group>"; };
		25BD7250239F2A0D005149FA /* ItemViewController.swift */ = {isa = PBXFileReference; lastKnownFileType = sourcecode.swift; path = ItemViewController.swift; sourceTree = "<group>"; };
		2B6AA1268EE89F3B5D1CC6E7 /* Pods-Quick Dine.release.xcconfig */ = {isa = PBXFileReference; includeInIndex = 1; lastKnownFileType = text.xcconfig; name = "Pods-Quick Dine.release.xcconfig"; path = "Target Support Files/Pods-Quick Dine/Pods-Quick Dine.release.xcconfig"; sourceTree = "<group>"; };
		38254615DB28E5EA58E18716 /* Pods_Quick_Dine.framework */ = {isa = PBXFileReference; explicitFileType = wrapper.framework; includeInIndex = 0; path = Pods_Quick_Dine.framework; sourceTree = BUILT_PRODUCTS_DIR; };
		88E68B6388576DD9873E745D /* Pods-Quick Dine.debug.xcconfig */ = {isa = PBXFileReference; includeInIndex = 1; lastKnownFileType = text.xcconfig; name = "Pods-Quick Dine.debug.xcconfig"; path = "Target Support Files/Pods-Quick Dine/Pods-Quick Dine.debug.xcconfig"; sourceTree = "<group>"; };
/* End PBXFileReference section */

/* Begin PBXFrameworksBuildPhase section */
		258372AC23873156002AEB63 /* Frameworks */ = {
			isa = PBXFrameworksBuildPhase;
			buildActionMask = 2147483647;
			files = (
				BB0DAD3FEAFB6E0B8847BC61 /* Pods_Quick_Dine.framework in Frameworks */,
			);
			runOnlyForDeploymentPostprocessing = 0;
		};
/* End PBXFrameworksBuildPhase section */

/* Begin PBXGroup section */
		258372A623873156002AEB63 = {
			isa = PBXGroup;
			children = (
				258372B123873156002AEB63 /* Quick Dine */,
				258372B023873156002AEB63 /* Products */,
				79BE658FFF7D3652D398B42D /* Pods */,
				435FB8D0931E8A15FF992D40 /* Frameworks */,
			);
			sourceTree = "<group>";
		};
		258372B023873156002AEB63 /* Products */ = {
			isa = PBXGroup;
			children = (
				258372AF23873156002AEB63 /* Quick Dine.app */,
			);
			name = Products;
			sourceTree = "<group>";
		};
		258372B123873156002AEB63 /* Quick Dine */ = {
			isa = PBXGroup;
			children = (
				258372C92388C469002AEB63 /* GoogleService-Info.plist */,
				258372C823873257002AEB63 /* Quick Dine.entitlements */,
				258372B823873156002AEB63 /* Main.storyboard */,
				258372B423873156002AEB63 /* SceneDelegate.swift */,
				258372B223873156002AEB63 /* AppDelegate.swift */,
				258372B623873156002AEB63 /* ViewController.swift */,
				25111AA32396EA2700C392ED /* GlobalVars.swift */,
				258372C623873196002AEB63 /* LoginController.swift */,
				258372CB2390E0DC002AEB63 /* HomeViewController.swift */,
				25111A9723948F1000C392ED /* CollectionViewCell.swift */,
				25111A992395AA1B00C392ED /* MenuViewController.swift */,
				25111A9B2395DB0B00C392ED /* MenuViewCell.swift */,
				25BD7250239F2A0D005149FA /* ItemViewController.swift */,
				258372D22391CC06002AEB63 /* OrderViewController.swift */,
				25111A8F23920B7E00C392ED /* ScannerViewController.swift */,
				25111AA52396F5A800C392ED /* CartViewController.swift */,
				25111AA7239707CD00C392ED /* CartViewCell.swift */,
				25111AA923977BA300C392ED /* PopUpViewController.swift */,
				25111A952394769600C392ED /* MoreViewController.swift */,
				25111AAB23984B4F00C392ED /* OrderViewCell.swift */,
				258372BB23873159002AEB63 /* Assets.xcassets */,
				258372CD23918F24002AEB63 /* fonts */,
				258372BD23873159002AEB63 /* LaunchScreen.storyboard */,
				258372C023873159002AEB63 /* Info.plist */,
			);
			path = "Quick Dine";
			sourceTree = "<group>";
		};
		258372CD23918F24002AEB63 /* fonts */ = {
			isa = PBXGroup;
			children = (
				258372D023918FC7002AEB63 /* SF-Pro-Display-Bold.otf */,
				258372CE23918F33002AEB63 /* SF-Pro-Display-Regular.otf */,
			);
			path = fonts;
			sourceTree = "<group>";
		};
		435FB8D0931E8A15FF992D40 /* Frameworks */ = {
			isa = PBXGroup;
			children = (
				38254615DB28E5EA58E18716 /* Pods_Quick_Dine.framework */,
			);
			name = Frameworks;
			sourceTree = "<group>";
		};
		79BE658FFF7D3652D398B42D /* Pods */ = {
			isa = PBXGroup;
			children = (
				88E68B6388576DD9873E745D /* Pods-Quick Dine.debug.xcconfig */,
				2B6AA1268EE89F3B5D1CC6E7 /* Pods-Quick Dine.release.xcconfig */,
			);
			path = Pods;
			sourceTree = "<group>";
		};
/* End PBXGroup section */

/* Begin PBXNativeTarget section */
		258372AE23873156002AEB63 /* Quick Dine */ = {
			isa = PBXNativeTarget;
			buildConfigurationList = 258372C323873159002AEB63 /* Build configuration list for PBXNativeTarget "Quick Dine" */;
			buildPhases = (
				24BA1FA2AED718AA710E9BD8 /* [CP] Check Pods Manifest.lock */,
				258372AB23873156002AEB63 /* Sources */,
				258372AC23873156002AEB63 /* Frameworks */,
				258372AD23873156002AEB63 /* Resources */,
				4015E59C57F1B78036143D1F /* [CP] Embed Pods Frameworks */,
			);
			buildRules = (
			);
			dependencies = (
			);
			name = "Quick Dine";
			productName = "Quick Dine";
			productReference = 258372AF23873156002AEB63 /* Quick Dine.app */;
			productType = "com.apple.product-type.application";
		};
/* End PBXNativeTarget section */

/* Begin PBXProject section */
		258372A723873156002AEB63 /* Project object */ = {
			isa = PBXProject;
			attributes = {
				LastSwiftUpdateCheck = 1110;
				LastUpgradeCheck = 1110;
				ORGANIZATIONNAME = "Thomas Tai";
				TargetAttributes = {
					258372AE23873156002AEB63 = {
						CreatedOnToolsVersion = 11.1;
					};
				};
			};
			buildConfigurationList = 258372AA23873156002AEB63 /* Build configuration list for PBXProject "Quick Dine" */;
			compatibilityVersion = "Xcode 9.3";
			developmentRegion = en;
			hasScannedForEncodings = 0;
			knownRegions = (
				en,
				Base,
			);
			mainGroup = 258372A623873156002AEB63;
			productRefGroup = 258372B023873156002AEB63 /* Products */;
			projectDirPath = "";
			projectRoot = "";
			targets = (
				258372AE23873156002AEB63 /* Quick Dine */,
			);
		};
/* End PBXProject section */

/* Begin PBXResourcesBuildPhase section */
		258372AD23873156002AEB63 /* Resources */ = {
			isa = PBXResourcesBuildPhase;
			buildActionMask = 2147483647;
			files = (
				258372BF23873159002AEB63 /* LaunchScreen.storyboard in Resources */,
				258372CA2388C469002AEB63 /* GoogleService-Info.plist in Resources */,
				258372D123918FC9002AEB63 /* SF-Pro-Display-Bold.otf in Resources */,
				258372BC23873159002AEB63 /* Assets.xcassets in Resources */,
				258372CF23918F4F002AEB63 /* SF-Pro-Display-Regular.otf in Resources */,
				258372BA23873156002AEB63 /* Main.storyboard in Resources */,
			);
			runOnlyForDeploymentPostprocessing = 0;
		};
/* End PBXResourcesBuildPhase section */

/* Begin PBXShellScriptBuildPhase section */
		24BA1FA2AED718AA710E9BD8 /* [CP] Check Pods Manifest.lock */ = {
			isa = PBXShellScriptBuildPhase;
			buildActionMask = 2147483647;
			files = (
			);
			inputFileListPaths = (
			);
			inputPaths = (
				"${PODS_PODFILE_DIR_PATH}/Podfile.lock",
				"${PODS_ROOT}/Manifest.lock",
			);
			name = "[CP] Check Pods Manifest.lock";
			outputFileListPaths = (
			);
			outputPaths = (
				"$(DERIVED_FILE_DIR)/Pods-Quick Dine-checkManifestLockResult.txt",
			);
			runOnlyForDeploymentPostprocessing = 0;
			shellPath = /bin/sh;
			shellScript = "diff \"${PODS_PODFILE_DIR_PATH}/Podfile.lock\" \"${PODS_ROOT}/Manifest.lock\" > /dev/null\nif [ $? != 0 ] ; then\n    # print error to STDERR\n    echo \"error: The sandbox is not in sync with the Podfile.lock. Run 'pod install' or update your CocoaPods installation.\" >&2\n    exit 1\nfi\n# This output is used by Xcode 'outputs' to avoid re-running this script phase.\necho \"SUCCESS\" > \"${SCRIPT_OUTPUT_FILE_0}\"\n";
			showEnvVarsInLog = 0;
		};
		4015E59C57F1B78036143D1F /* [CP] Embed Pods Frameworks */ = {
			isa = PBXShellScriptBuildPhase;
			buildActionMask = 2147483647;
			files = (
			);
			inputFileListPaths = (
				"${PODS_ROOT}/Target Support Files/Pods-Quick Dine/Pods-Quick Dine-frameworks-${CONFIGURATION}-input-files.xcfilelist",
			);
			name = "[CP] Embed Pods Frameworks";
			outputFileListPaths = (
				"${PODS_ROOT}/Target Support Files/Pods-Quick Dine/Pods-Quick Dine-frameworks-${CONFIGURATION}-output-files.xcfilelist",
			);
			runOnlyForDeploymentPostprocessing = 0;
			shellPath = /bin/sh;
			shellScript = "\"${PODS_ROOT}/Target Support Files/Pods-Quick Dine/Pods-Quick Dine-frameworks.sh\"\n";
			showEnvVarsInLog = 0;
		};
/* End PBXShellScriptBuildPhase section */

/* Begin PBXSourcesBuildPhase section */
		258372AB23873156002AEB63 /* Sources */ = {
			isa = PBXSourcesBuildPhase;
			buildActionMask = 2147483647;
			files = (
				25111A9023920B7E00C392ED /* ScannerViewController.swift in Sources */,
				25111A9A2395AA1B00C392ED /* MenuViewController.swift in Sources */,
				25111AA8239707CD00C392ED /* CartViewCell.swift in Sources */,
				258372CC2390E0DD002AEB63 /* HomeViewController.swift in Sources */,
				25111A9823948F1000C392ED /* CollectionViewCell.swift in Sources */,
				25111AAC23984B4F00C392ED /* OrderViewCell.swift in Sources */,
				25111AA42396EA2700C392ED /* GlobalVars.swift in Sources */,
				258372D32391CC07002AEB63 /* OrderViewController.swift in Sources */,
				25111AA62396F5A800C392ED /* CartViewController.swift in Sources */,
				258372B723873156002AEB63 /* ViewController.swift in Sources */,
				258372C723873196002AEB63 /* LoginController.swift in Sources */,
				25111AAA23977BA300C392ED /* PopUpViewController.swift in Sources */,
				25111A962394769600C392ED /* MoreViewController.swift in Sources */,
				258372B323873156002AEB63 /* AppDelegate.swift in Sources */,
				25BD7251239F2A0D005149FA /* ItemViewController.swift in Sources */,
				258372B523873156002AEB63 /* SceneDelegate.swift in Sources */,
				25111A9C2395DB0B00C392ED /* MenuViewCell.swift in Sources */,
			);
			runOnlyForDeploymentPostprocessing = 0;
		};
/* End PBXSourcesBuildPhase section */

/* Begin PBXVariantGroup section */
		258372B823873156002AEB63 /* Main.storyboard */ = {
			isa = PBXVariantGroup;
			children = (
				258372B923873156002AEB63 /* Base */,
			);
			name = Main.storyboard;
			sourceTree = "<group>";
		};
		258372BD23873159002AEB63 /* LaunchScreen.storyboard */ = {
			isa = PBXVariantGroup;
			children = (
				258372BE23873159002AEB63 /* Base */,
			);
			name = LaunchScreen.storyboard;
			sourceTree = "<group>";
		};
/* End PBXVariantGroup section */

/* Begin XCBuildConfiguration section */
		258372C123873159002AEB63 /* Debug */ = {
			isa = XCBuildConfiguration;
			buildSettings = {
				ALWAYS_SEARCH_USER_PATHS = NO;
				CLANG_ANALYZER_NONNULL = YES;
				CLANG_ANALYZER_NUMBER_OBJECT_CONVERSION = YES_AGGRESSIVE;
				CLANG_CXX_LANGUAGE_STANDARD = "gnu++14";
				CLANG_CXX_LIBRARY = "libc++";
				CLANG_ENABLE_MODULES = YES;
				CLANG_ENABLE_OBJC_ARC = YES;
				CLANG_ENABLE_OBJC_WEAK = YES;
				CLANG_WARN_BLOCK_CAPTURE_AUTORELEASING = YES;
				CLANG_WARN_BOOL_CONVERSION = YES;
				CLANG_WARN_COMMA = YES;
				CLANG_WARN_CONSTANT_CONVERSION = YES;
				CLANG_WARN_DEPRECATED_OBJC_IMPLEMENTATIONS = YES;
				CLANG_WARN_DIRECT_OBJC_ISA_USAGE = YES_ERROR;
				CLANG_WARN_DOCUMENTATION_COMMENTS = YES;
				CLANG_WARN_EMPTY_BODY = YES;
				CLANG_WARN_ENUM_CONVERSION = YES;
				CLANG_WARN_INFINITE_RECURSION = YES;
				CLANG_WARN_INT_CONVERSION = YES;
				CLANG_WARN_NON_LITERAL_NULL_CONVERSION = YES;
				CLANG_WARN_OBJC_IMPLICIT_RETAIN_SELF = YES;
				CLANG_WARN_OBJC_LITERAL_CONVERSION = YES;
				CLANG_WARN_OBJC_ROOT_CLASS = YES_ERROR;
				CLANG_WARN_RANGE_LOOP_ANALYSIS = YES;
				CLANG_WARN_STRICT_PROTOTYPES = YES;
				CLANG_WARN_SUSPICIOUS_MOVE = YES;
				CLANG_WARN_UNGUARDED_AVAILABILITY = YES_AGGRESSIVE;
				CLANG_WARN_UNREACHABLE_CODE = YES;
				CLANG_WARN__DUPLICATE_METHOD_MATCH = YES;
				COPY_PHASE_STRIP = NO;
				DEBUG_INFORMATION_FORMAT = dwarf;
				ENABLE_STRICT_OBJC_MSGSEND = YES;
				ENABLE_TESTABILITY = YES;
				GCC_C_LANGUAGE_STANDARD = gnu11;
				GCC_DYNAMIC_NO_PIC = NO;
				GCC_NO_COMMON_BLOCKS = YES;
				GCC_OPTIMIZATION_LEVEL = 0;
				GCC_PREPROCESSOR_DEFINITIONS = (
					"DEBUG=1",
					"$(inherited)",
				);
				GCC_WARN_64_TO_32_BIT_CONVERSION = YES;
				GCC_WARN_ABOUT_RETURN_TYPE = YES_ERROR;
				GCC_WARN_UNDECLARED_SELECTOR = YES;
				GCC_WARN_UNINITIALIZED_AUTOS = YES_AGGRESSIVE;
				GCC_WARN_UNUSED_FUNCTION = YES;
				GCC_WARN_UNUSED_VARIABLE = YES;
				IPHONEOS_DEPLOYMENT_TARGET = 13.1;
				MTL_ENABLE_DEBUG_INFO = INCLUDE_SOURCE;
				MTL_FAST_MATH = YES;
				ONLY_ACTIVE_ARCH = YES;
				SDKROOT = iphoneos;
				SWIFT_ACTIVE_COMPILATION_CONDITIONS = DEBUG;
				SWIFT_OPTIMIZATION_LEVEL = "-Onone";
			};
			name = Debug;
		};
		258372C223873159002AEB63 /* Release */ = {
			isa = XCBuildConfiguration;
			buildSettings = {
				ALWAYS_SEARCH_USER_PATHS = NO;
				CLANG_ANALYZER_NONNULL = YES;
				CLANG_ANALYZER_NUMBER_OBJECT_CONVERSION = YES_AGGRESSIVE;
				CLANG_CXX_LANGUAGE_STANDARD = "gnu++14";
				CLANG_CXX_LIBRARY = "libc++";
				CLANG_ENABLE_MODULES = YES;
				CLANG_ENABLE_OBJC_ARC = YES;
				CLANG_ENABLE_OBJC_WEAK = YES;
				CLANG_WARN_BLOCK_CAPTURE_AUTORELEASING = YES;
				CLANG_WARN_BOOL_CONVERSION = YES;
				CLANG_WARN_COMMA = YES;
				CLANG_WARN_CONSTANT_CONVERSION = YES;
				CLANG_WARN_DEPRECATED_OBJC_IMPLEMENTATIONS = YES;
				CLANG_WARN_DIRECT_OBJC_ISA_USAGE = YES_ERROR;
				CLANG_WARN_DOCUMENTATION_COMMENTS = YES;
				CLANG_WARN_EMPTY_BODY = YES;
				CLANG_WARN_ENUM_CONVERSION = YES;
				CLANG_WARN_INFINITE_RECURSION = YES;
				CLANG_WARN_INT_CONVERSION = YES;
				CLANG_WARN_NON_LITERAL_NULL_CONVERSION = YES;
				CLANG_WARN_OBJC_IMPLICIT_RETAIN_SELF = YES;
				CLANG_WARN_OBJC_LITERAL_CONVERSION = YES;
				CLANG_WARN_OBJC_ROOT_CLASS = YES_ERROR;
				CLANG_WARN_RANGE_LOOP_ANALYSIS = YES;
				CLANG_WARN_STRICT_PROTOTYPES = YES;
				CLANG_WARN_SUSPICIOUS_MOVE = YES;
				CLANG_WARN_UNGUARDED_AVAILABILITY = YES_AGGRESSIVE;
				CLANG_WARN_UNREACHABLE_CODE = YES;
				CLANG_WARN__DUPLICATE_METHOD_MATCH = YES;
				COPY_PHASE_STRIP = NO;
				DEBUG_INFORMATION_FORMAT = "dwarf-with-dsym";
				ENABLE_NS_ASSERTIONS = NO;
				ENABLE_STRICT_OBJC_MSGSEND = YES;
				GCC_C_LANGUAGE_STANDARD = gnu11;
				GCC_NO_COMMON_BLOCKS = YES;
				GCC_WARN_64_TO_32_BIT_CONVERSION = YES;
				GCC_WARN_ABOUT_RETURN_TYPE = YES_ERROR;
				GCC_WARN_UNDECLARED_SELECTOR = YES;
				GCC_WARN_UNINITIALIZED_AUTOS = YES_AGGRESSIVE;
				GCC_WARN_UNUSED_FUNCTION = YES;
				GCC_WARN_UNUSED_VARIABLE = YES;
				IPHONEOS_DEPLOYMENT_TARGET = 13.1;
				MTL_ENABLE_DEBUG_INFO = NO;
				MTL_FAST_MATH = YES;
				SDKROOT = iphoneos;
				SWIFT_COMPILATION_MODE = wholemodule;
				SWIFT_OPTIMIZATION_LEVEL = "-O";
				VALIDATE_PRODUCT = YES;
			};
			name = Release;
		};
		258372C423873159002AEB63 /* Debug */ = {
			isa = XCBuildConfiguration;
			baseConfigurationReference = 88E68B6388576DD9873E745D /* Pods-Quick Dine.debug.xcconfig */;
			buildSettings = {
				ASSETCATALOG_COMPILER_APPICON_NAME = AppIcon;
				CODE_SIGN_ENTITLEMENTS = "Quick Dine/Quick Dine.entitlements";
				CODE_SIGN_STYLE = Automatic;
				DEVELOPMENT_TEAM = Z6F3NQK9TY;
				INFOPLIST_FILE = "Quick Dine/Info.plist";
				LD_RUNPATH_SEARCH_PATHS = (
					"$(inherited)",
					"@executable_path/Frameworks",
				);
				PRODUCT_BUNDLE_IDENTIFIER = com.thomastai.quickdine;
				PRODUCT_NAME = "$(TARGET_NAME)";
				SWIFT_VERSION = 5.0;
				TARGETED_DEVICE_FAMILY = "1,2";
			};
			name = Debug;
		};
		258372C523873159002AEB63 /* Release */ = {
			isa = XCBuildConfiguration;
			baseConfigurationReference = 2B6AA1268EE89F3B5D1CC6E7 /* Pods-Quick Dine.release.xcconfig */;
			buildSettings = {
				ASSETCATALOG_COMPILER_APPICON_NAME = AppIcon;
				CODE_SIGN_ENTITLEMENTS = "Quick Dine/Quick Dine.entitlements";
				CODE_SIGN_STYLE = Automatic;
				DEVELOPMENT_TEAM = Z6F3NQK9TY;
				INFOPLIST_FILE = "Quick Dine/Info.plist";
				LD_RUNPATH_SEARCH_PATHS = (
					"$(inherited)",
					"@executable_path/Frameworks",
				);
				PRODUCT_BUNDLE_IDENTIFIER = com.thomastai.quickdine;
				PRODUCT_NAME = "$(TARGET_NAME)";
				SWIFT_VERSION = 5.0;
				TARGETED_DEVICE_FAMILY = "1,2";
			};
			name = Release;
		};
/* End XCBuildConfiguration section */

/* Begin XCConfigurationList section */
		258372AA23873156002AEB63 /* Build configuration list for PBXProject "Quick Dine" */ = {
			isa = XCConfigurationList;
			buildConfigurations = (
				258372C123873159002AEB63 /* Debug */,
				258372C223873159002AEB63 /* Release */,
			);
			defaultConfigurationIsVisible = 0;
			defaultConfigurationName = Release;
		};
		258372C323873159002AEB63 /* Build configuration list for PBXNativeTarget "Quick Dine" */ = {
			isa = XCConfigurationList;
			buildConfigurations = (
				258372C423873159002AEB63 /* Debug */,
				258372C523873159002AEB63 /* Release */,
			);
			defaultConfigurationIsVisible = 0;
			defaultConfigurationName = Release;
		};
/* End XCConfigurationList section */
	};
	rootObject = 258372A723873156002AEB63 /* Project object */;
}
